
Microsoft Visual Studio Solution File, Format Version 12.00
# Visual Studio 15
VisualStudioVersion = 15.0.26730.15
MinimumVisualStudioVersion = 10.0.40219.1
Project("{FAE04EC0-301F-11D3-BF4B-00C04F79EFBC}") = "calculator", "calculator\calculator.csproj", "{B5689A94-1BC0-4D6A-AC8D-49FEACE3CE48}"
EndProject
Global
	GlobalSection(SolutionConfigurationPlatforms) = preSolution
		Debug|Any CPU = Debug|Any CPU
		Release|Any CPU = Release|Any CPU
	EndGlobalSection
	GlobalSection(ProjectConfigurationPlatforms) = postSolution
		{B5689A94-1BC0-4D6A-AC8D-49FEACE3CE48}.Debug|Any CPU.ActiveCfg = Debug|Any CPU
		{B5689A94-1BC0-4D6A-AC8D-49FEACE3CE48}.Debug|Any CPU.Build.0 = Debug|Any CPU
		{B5689A94-1BC0-4D6A-AC8D-49FEACE3CE48}.Release|Any CPU.ActiveCfg = Release|Any CPU
		{B5689A94-1BC0-4D6A-AC8D-49FEACE3CE48}.Release|Any CPU.Build.0 = Release|Any CPU
	EndGlobalSection
	GlobalSection(SolutionProperties) = preSolution
		HideSolutionNode = FALSE
	EndGlobalSection
	GlobalSection(ExtensibilityGlobals) = postSolution
		SolutionGuid = {79C3ED8F-BD20-42E7-8A96-983F090C6B57}
	EndGlobalSection
EndGlobal
