
Microsoft Visual Studio Solution File, Format Version 12.00
# Visual Studio 15
VisualStudioVersion = 15.0.26730.15
MinimumVisualStudioVersion = 10.0.40219.1
Project("{FAE04EC0-301F-11D3-BF4B-00C04F79EFBC}") = "calculator", "calculator\calculator.csproj", "{7806B9AF-D8A0-41E1-A0DF-2B3BA3851AC2}"
EndProject
Global
	GlobalSection(SolutionConfigurationPlatforms) = preSolution
		Debug|Any CPU = Debug|Any CPU
		Release|Any CPU = Release|Any CPU
	EndGlobalSection
	GlobalSection(ProjectConfigurationPlatforms) = postSolution
		{7806B9AF-D8A0-41E1-A0DF-2B3BA3851AC2}.Debug|Any CPU.ActiveCfg = Debug|Any CPU
		{7806B9AF-D8A0-41E1-A0DF-2B3BA3851AC2}.Debug|Any CPU.Build.0 = Debug|Any CPU
		{7806B9AF-D8A0-41E1-A0DF-2B3BA3851AC2}.Release|Any CPU.ActiveCfg = Release|Any CPU
		{7806B9AF-D8A0-41E1-A0DF-2B3BA3851AC2}.Release|Any CPU.Build.0 = Release|Any CPU
	EndGlobalSection
	GlobalSection(SolutionProperties) = preSolution
		HideSolutionNode = FALSE
	EndGlobalSection
	GlobalSection(ExtensibilityGlobals) = postSolution
		SolutionGuid = {43436BB7-908E-4C3C-9C0C-A37A4B3C8123}
	EndGlobalSection
EndGlobal
